{
  "name": "gemdrive",
  "version": "0.1.0",
  "lockfileVersion": 3,
  "requires": true,
  "packages": {
    "": {
      "name": "gemdrive",
      "version": "0.1.0",
      "license": "MIT",
      "dependencies": {
        "@mjackson/node-fetch-server": "^0.5.0",
        "decent-auth": "file:../decent-auth-js"
      }
    },
    "../decent-auth-js": {
      "name": "decent-auth",
      "version": "0.5.0",
      "license": "MIT",
      "dependencies": {
        "@extism/extism": "^2.0.0-rc10",
        "libsql": "^0.5.0-pre.5",
        "nodemailer": "^6.9.16"
      },
      "devDependencies": {
        "@hono/node-server": "^1.13.7",
        "@mjackson/node-fetch-server": "^0.5.0",
        "hono": "^4.6.15"
      }
    },
    "node_modules/@mjackson/node-fetch-server": {
      "version": "0.5.0",
      "resolved": "https://registry.npmjs.org/@mjackson/node-fetch-server/-/node-fetch-server-0.5.0.tgz",
      "integrity": "sha512-GZrkGuP3N7he0GdK9CCqpjabqsXjJa4tp0yKw973FoGAAOGE6WTcp3kcosRdeGYqtoFn7IEu84g3pItk4wRBFg==",
      "license": "MIT"
    },
    "node_modules/decent-auth": {
      "resolved": "../decent-auth-js",
      "link": true
    }
  }
}
